
Microsoft Visual Studio Solution File, Format Version 12.00
# Visual Studio Version 17
VisualStudioVersion = 17.8.34511.84
MinimumVisualStudioVersion = 10.0.40219.1
Project("{FAE04EC0-301F-11D3-BF4B-00C04F79EFBC}") = "romedt_DataSensorsApp.Android", "romedt_DataSensorsApp\romedt_DataSensorsApp.Android\romedt_DataSensorsApp.Android.csproj", "{649488D6-5D54-478B-AFD9-9BC5B66E5F06}"
EndProject
Project("{FAE04EC0-301F-11D3-BF4B-00C04F79EFBC}") = "romedt_DataSensorsApp", "romedt_DataSensorsApp\romedt_DataSensorsApp\romedt_DataSensorsApp.csproj", "{416995A9-5CC5-4698-BC4D-265006147B97}"
EndProject
Global
	GlobalSection(SolutionConfigurationPlatforms) = preSolution
		Debug|Any CPU = Debug|Any CPU
		Release|Any CPU = Release|Any CPU
	EndGlobalSection
	GlobalSection(ProjectConfigurationPlatforms) = postSolution
		{649488D6-5D54-478B-AFD9-9BC5B66E5F06}.Debug|Any CPU.ActiveCfg = Debug|Any CPU
		{649488D6-5D54-478B-AFD9-9BC5B66E5F06}.Debug|Any CPU.Build.0 = Debug|Any CPU
		{649488D6-5D54-478B-AFD9-9BC5B66E5F06}.Debug|Any CPU.Deploy.0 = Debug|Any CPU
		{649488D6-5D54-478B-AFD9-9BC5B66E5F06}.Release|Any CPU.ActiveCfg = Release|Any CPU
		{649488D6-5D54-478B-AFD9-9BC5B66E5F06}.Release|Any CPU.Build.0 = Release|Any CPU
		{649488D6-5D54-478B-AFD9-9BC5B66E5F06}.Release|Any CPU.Deploy.0 = Release|Any CPU
		{416995A9-5CC5-4698-BC4D-265006147B97}.Debug|Any CPU.ActiveCfg = Debug|Any CPU
		{416995A9-5CC5-4698-BC4D-265006147B97}.Debug|Any CPU.Build.0 = Debug|Any CPU
		{416995A9-5CC5-4698-BC4D-265006147B97}.Debug|Any CPU.Deploy.0 = Debug|Any CPU
		{416995A9-5CC5-4698-BC4D-265006147B97}.Release|Any CPU.ActiveCfg = Release|Any CPU
		{416995A9-5CC5-4698-BC4D-265006147B97}.Release|Any CPU.Build.0 = Release|Any CPU
		{416995A9-5CC5-4698-BC4D-265006147B97}.Release|Any CPU.Deploy.0 = Release|Any CPU
	EndGlobalSection
	GlobalSection(SolutionProperties) = preSolution
		HideSolutionNode = FALSE
	EndGlobalSection
	GlobalSection(ExtensibilityGlobals) = postSolution
		SolutionGuid = {D2F8529E-444D-4D38-9582-4AED5F596EDD}
	EndGlobalSection
EndGlobal
